Microsoft Visual Studio Solution File, Format Version 12.00
# Visual Studio Version 17
VisualStudioVersion = 17.5.2.0
MinimumVisualStudioVersion = 10.0.40219.1
Project("{FAE04EC0-301F-11D3-BF4B-00C04F79EFBC}") = "HakedisYonetimSistemi", "HakedisYonetimSistemi\HakedisYonetimSistemi.csproj", "{D6DE1878-DFB4-F0F0-6B4B-B3EEC38E9699}"
EndProject
Global
	GlobalSection(SolutionConfigurationPlatforms) = preSolution
		Debug|Any CPU = Debug|Any CPU
		Release|Any CPU = Release|Any CPU
	EndGlobalSection
	GlobalSection(ProjectConfigurationPlatforms) = postSolution
		{D6DE1878-DFB4-F0F0-6B4B-B3EEC38E9699}.Debug|Any CPU.ActiveCfg = Debug|Any CPU
		{D6DE1878-DFB4-F0F0-6B4B-B3EEC38E9699}.Debug|Any CPU.Build.0 = Debug|Any CPU
		{D6DE1878-DFB4-F0F0-6B4B-B3EEC38E9699}.Release|Any CPU.ActiveCfg = Release|Any CPU
		{D6DE1878-DFB4-F0F0-6B4B-B3EEC38E9699}.Release|Any CPU.Build.0 = Release|Any CPU
	EndGlobalSection
	GlobalSection(SolutionProperties) = preSolution
		HideSolutionNode = FALSE
	EndGlobalSection
	GlobalSection(ExtensibilityGlobals) = postSolution
		SolutionGuid = {A51C14AA-C6A2-4313-815B-4865ED0CBB2C}
	EndGlobalSection
EndGlobal
